// !$*UTF8*$!
{
	archiveVersion = 1;
	classes = {
	};
	objectVersion = 77;
	objects = {

/* Begin PBXBuildFile section */
		33ADCA37986FBA7023CF874C /* Carbon.framework in Frameworks */ = {isa = PBXBuildFile; fileRef = B1373A1F5F6869FD4BFCEDAF /* Carbon.framework */; };
		34639B35BEC93F687842F003 /* Localizable.strings in Resources */ = {isa = PBXBuildFile; fileRef = 4261B56838952A7B6F4D3419 /* Localizable.strings */; };
		AAAAAAAA000000000ASSETS2 /* Assets.xcassets in Resources */ = {isa = PBXBuildFile; fileRef = AAAAAAAA000000000ASSETS1 /* Assets.xcassets */; };
		58DA7DDAB6C5F4DBEE1AF814 /* IOKit.framework in Frameworks */ = {isa = PBXBuildFile; fileRef = 2B509C259E1CDF5FF297AC5F /* IOKit.framework */; };
		70D53497AF48B0EEA29AD3A3 /* AppKit.framework in Frameworks */ = {isa = PBXBuildFile; fileRef = 1FEDFB124D81AAD65BA21F58 /* AppKit.framework */; };
		A2DB562F97622F5BF9CD1CE8 /* ClickerStatusIcon.swift in Sources */ = {isa = PBXBuildFile; fileRef = A904B666888465DF3004FE09 /* ClickerStatusIcon.swift */; };
		F39FA962370B93D402CBC68D /* Main.swift in Sources */ = {isa = PBXBuildFile; fileRef = 9681950FF57CE9C9504A88AF /* Main.swift */; };
		F6B33C88A8345EB0E6F79CE6 /* MenuBarApp.swift in Sources */ = {isa = PBXBuildFile; fileRef = 901B442BAAB0BDAA597806C3 /* MenuBarApp.swift */; };
/* End PBXBuildFile section */

/* Begin PBXFileReference section */
		1FEDFB124D81AAD65BA21F58 /* AppKit.framework */ = {isa = PBXFileReference; lastKnownFileType = wrapper.framework; name = AppKit.framework; path = System/Library/Frameworks/AppKit.framework; sourceTree = SDKROOT; };
		2B509C259E1CDF5FF297AC5F /* IOKit.framework */ = {isa = PBXFileReference; lastKnownFileType = wrapper.framework; name = IOKit.framework; path = System/Library/Frameworks/IOKit.framework; sourceTree = SDKROOT; };
		901B442BAAB0BDAA597806C3 /* MenuBarApp.swift */ = {isa = PBXFileReference; lastKnownFileType = sourcecode.swift; path = MenuBarApp.swift; sourceTree = "<group>"; };
		9681950FF57CE9C9504A88AF /* Main.swift */ = {isa = PBXFileReference; lastKnownFileType = sourcecode.swift; path = Main.swift; sourceTree = "<group>"; };
		99B97169BDB9EFE1312437B5 /* BeautyR1Clicker.app */ = {isa = PBXFileReference; explicitFileType = wrapper.application; includeInIndex = 0; path = BeautyR1Clicker.app; sourceTree = BUILT_PRODUCTS_DIR; };
		A904B666888465DF3004FE09 /* ClickerStatusIcon.swift */ = {isa = PBXFileReference; lastKnownFileType = sourcecode.swift; path = ClickerStatusIcon.swift; sourceTree = "<group>"; };
		AAAAAAAA000000000ASSETS1 /* Assets.xcassets */ = {isa = PBXFileReference; lastKnownFileType = folder.assetcatalog; path = Assets.xcassets; sourceTree = "<group>"; };
		B1373A1F5F6869FD4BFCEDAF /* Carbon.framework */ = {isa = PBXFileReference; lastKnownFileType = wrapper.framework; name = Carbon.framework; path = System/Library/Frameworks/Carbon.framework; sourceTree = SDKROOT; };
		B147344006EC7C9ECF63A6CB /* en */ = {isa = PBXFileReference; lastKnownFileType = text.plist.strings; name = en; path = en.lproj/Localizable.strings; sourceTree = "<group>"; };
		FD6F01809C9FE60F53D57081 /* ja */ = {isa = PBXFileReference; lastKnownFileType = text.plist.strings; name = ja; path = ja.lproj/Localizable.strings; sourceTree = "<group>"; };
/* End PBXFileReference section */

/* Begin PBXFrameworksBuildPhase section */
		47A093B2AD9ECA305D32DF2E /* Frameworks */ = {
			isa = PBXFrameworksBuildPhase;
			buildActionMask = 2147483647;
			files = (
				58DA7DDAB6C5F4DBEE1AF814 /* IOKit.framework in Frameworks */,
				33ADCA37986FBA7023CF874C /* Carbon.framework in Frameworks */,
				70D53497AF48B0EEA29AD3A3 /* AppKit.framework in Frameworks */,
			);
			runOnlyForDeploymentPostprocessing = 0;
		};
/* End PBXFrameworksBuildPhase section */

/* Begin PBXGroup section */
		24583DA84184BABD56241DD3 /* Frameworks */ = {
			isa = PBXGroup;
			children = (
				1FEDFB124D81AAD65BA21F58 /* AppKit.framework */,
				B1373A1F5F6869FD4BFCEDAF /* Carbon.framework */,
				2B509C259E1CDF5FF297AC5F /* IOKit.framework */,
			);
			name = Frameworks;
			sourceTree = "<group>";
		};
		A23D36B706513C64622C1CF2 /* Products */ = {
			isa = PBXGroup;
			children = (
				99B97169BDB9EFE1312437B5 /* BeautyR1Clicker.app */,
			);
			name = Products;
			sourceTree = "<group>";
		};
		ABAE0DF307A1F940444CC1B9 /* BeautyR1Clicker */ = {
			isa = PBXGroup;
			children = (
				AAAAAAAA000000000ASSETS1 /* Assets.xcassets */,
				4261B56838952A7B6F4D3419 /* Localizable.strings */,
				A904B666888465DF3004FE09 /* ClickerStatusIcon.swift */,
				9681950FF57CE9C9504A88AF /* Main.swift */,
				901B442BAAB0BDAA597806C3 /* MenuBarApp.swift */,
			);
			path = BeautyR1Clicker;
			sourceTree = "<group>";
		};
		D773B02A6B41DAB02AFC36BE = {
			isa = PBXGroup;
			children = (
				ABAE0DF307A1F940444CC1B9 /* BeautyR1Clicker */,
				24583DA84184BABD56241DD3 /* Frameworks */,
				A23D36B706513C64622C1CF2 /* Products */,
			);
			sourceTree = "<group>";
		};
/* End PBXGroup section */

/* Begin PBXNativeTarget section */
		3A2AB3FA838B3865C2870425 /* BeautyR1Clicker */ = {
			isa = PBXNativeTarget;
			buildConfigurationList = 252601D68DD368A646291F0D /* Build configuration list for PBXNativeTarget "BeautyR1Clicker" */;
			buildPhases = (
				E5A39FF7B2111E62F5071EA0 /* Sources */,
				7DF78619B09669BB8B5E78FB /* Resources */,
				47A093B2AD9ECA305D32DF2E /* Frameworks */,
			);
			buildRules = (
			);
			dependencies = (
			);
			name = BeautyR1Clicker;
			packageProductDependencies = (
			);
			productName = BeautyR1Clicker;
			productReference = 99B97169BDB9EFE1312437B5 /* BeautyR1Clicker.app */;
			productType = "com.apple.product-type.application";
		};
/* End PBXNativeTarget section */

/* Begin PBXProject section */
		C5813EA022EE08008AB25636 /* Project object */ = {
			isa = PBXProject;
			attributes = {
				BuildIndependentTargetsInParallel = YES;
				LastUpgradeCheck = 1430;
				TargetAttributes = {
					3A2AB3FA838B3865C2870425 = {
						DevelopmentTeam = "";
						ProvisioningStyle = Automatic;
					};
				};
			};
			buildConfigurationList = BD1521C242DF0133802290A6 /* Build configuration list for PBXProject "BeautyR1Clicker" */;
			developmentRegion = en;
			hasScannedForEncodings = 0;
			knownRegions = (
				Base,
				en,
				ja,
			);
			mainGroup = D773B02A6B41DAB02AFC36BE;
			minimizedProjectReferenceProxies = 1;
			preferredProjectObjectVersion = 77;
			productRefGroup = A23D36B706513C64622C1CF2 /* Products */;
			projectDirPath = "";
			projectRoot = "";
			targets = (
				3A2AB3FA838B3865C2870425 /* BeautyR1Clicker */,
			);
		};
/* End PBXProject section */

/* Begin PBXResourcesBuildPhase section */
		7DF78619B09669BB8B5E78FB /* Resources */ = {
			isa = PBXResourcesBuildPhase;
			buildActionMask = 2147483647;
			files = (
				34639B35BEC93F687842F003 /* Localizable.strings in Resources */,
				AAAAAAAA000000000ASSETS2 /* Assets.xcassets in Resources */,
			);
			runOnlyForDeploymentPostprocessing = 0;
		};
/* End PBXResourcesBuildPhase section */

/* Begin PBXSourcesBuildPhase section */
		E5A39FF7B2111E62F5071EA0 /* Sources */ = {
			isa = PBXSourcesBuildPhase;
			buildActionMask = 2147483647;
			files = (
				A2DB562F97622F5BF9CD1CE8 /* ClickerStatusIcon.swift in Sources */,
				F39FA962370B93D402CBC68D /* Main.swift in Sources */,
				F6B33C88A8345EB0E6F79CE6 /* MenuBarApp.swift in Sources */,
			);
			runOnlyForDeploymentPostprocessing = 0;
		};
/* End PBXSourcesBuildPhase section */

/* Begin PBXVariantGroup section */
		4261B56838952A7B6F4D3419 /* Localizable.strings */ = {
			isa = PBXVariantGroup;
			children = (
				B147344006EC7C9ECF63A6CB /* en */,
				FD6F01809C9FE60F53D57081 /* ja */,
			);
			name = Localizable.strings;
			sourceTree = "<group>";
		};
/* End PBXVariantGroup section */

/* Begin XCBuildConfiguration section */
		59E43DBF816E81DB258AF0A1 /* Release */ = {
			isa = XCBuildConfiguration;
			buildSettings = {
				ASSETCATALOG_COMPILER_APPICON_NAME = AppIcon;
				COMBINE_HIDPI_IMAGES = YES;
				ENABLE_USER_SCRIPT_SANDBOXING = NO;
				INFOPLIST_FILE = BeautyR1Clicker/Info.plist;
				LD_RUNPATH_SEARCH_PATHS = (
					"$(inherited)",
					"@executable_path/../Frameworks",
				);
				MACOSX_DEPLOYMENT_TARGET = 12.0;
				PRODUCT_BUNDLE_IDENTIFIER = dev.tnayuki.BeautyR1Clicker;
				PRODUCT_NAME = "Beauty-R1 Clicker";
				SDKROOT = macosx;
			};
			name = Release;
		};
		ACBB7A8AC0E23636F6E2B0FC /* Debug */ = {
			isa = XCBuildConfiguration;
			buildSettings = {
				ALWAYS_SEARCH_USER_PATHS = NO;
				CLANG_ANALYZER_NONNULL = YES;
				CLANG_ANALYZER_NUMBER_OBJECT_CONVERSION = YES_AGGRESSIVE;
				CLANG_CXX_LANGUAGE_STANDARD = "gnu++14";
				CLANG_CXX_LIBRARY = "libc++";
				CLANG_ENABLE_MODULES = YES;
				CLANG_ENABLE_OBJC_ARC = YES;
				CLANG_ENABLE_OBJC_WEAK = YES;
				CLANG_WARN_BLOCK_CAPTURE_AUTORELEASING = YES;
				CLANG_WARN_BOOL_CONVERSION = YES;
				CLANG_WARN_COMMA = YES;
				CLANG_WARN_CONSTANT_CONVERSION = YES;
				CLANG_WARN_DEPRECATED_OBJC_IMPLEMENTATIONS = YES;
				CLANG_WARN_DIRECT_OBJC_ISA_USAGE = YES_ERROR;
				CLANG_WARN_DOCUMENTATION_COMMENTS = YES;
				CLANG_WARN_EMPTY_BODY = YES;
				CLANG_WARN_ENUM_CONVERSION = YES;
				CLANG_WARN_INFINITE_RECURSION = YES;
				CLANG_WARN_INT_CONVERSION = YES;
				CLANG_WARN_NON_LITERAL_NULL_CONVERSION = YES;
				CLANG_WARN_OBJC_IMPLICIT_RETAIN_SELF = YES;
				CLANG_WARN_OBJC_LITERAL_CONVERSION = YES;
				CLANG_WARN_OBJC_ROOT_CLASS = YES_ERROR;
				CLANG_WARN_QUOTED_INCLUDE_IN_FRAMEWORK_HEADER = YES;
				CLANG_WARN_RANGE_LOOP_ANALYSIS = YES;
				CLANG_WARN_STRICT_PROTOTYPES = YES;
				CLANG_WARN_SUSPICIOUS_MOVE = YES;
				CLANG_WARN_UNGUARDED_AVAILABILITY = YES_AGGRESSIVE;
				CLANG_WARN_UNREACHABLE_CODE = YES;
				CLANG_WARN__DUPLICATE_METHOD_MATCH = YES;
				CODE_SIGN_IDENTITY = "-";
				CODE_SIGN_STYLE = Automatic;
				COPY_PHASE_STRIP = NO;
				CURRENT_PROJECT_VERSION = 1;
				DEBUG_INFORMATION_FORMAT = dwarf;
				DEVELOPMENT_TEAM = "";
				ENABLE_HARDENED_RUNTIME = YES;
				ENABLE_STRICT_OBJC_MSGSEND = YES;
				ENABLE_TESTABILITY = YES;
				GCC_C_LANGUAGE_STANDARD = gnu11;
				GCC_DYNAMIC_NO_PIC = NO;
				GCC_NO_COMMON_BLOCKS = YES;
				GCC_OPTIMIZATION_LEVEL = 0;
				GCC_PREPROCESSOR_DEFINITIONS = (
					"$(inherited)",
					"DEBUG=1",
				);
				GCC_TREAT_WARNINGS_AS_ERRORS = NO;
				GCC_WARN_64_TO_32_BIT_CONVERSION = YES;
				GCC_WARN_ABOUT_RETURN_TYPE = YES_ERROR;
				GCC_WARN_UNDECLARED_SELECTOR = YES;
				GCC_WARN_UNINITIALIZED_AUTOS = YES_AGGRESSIVE;
				GCC_WARN_UNUSED_FUNCTION = YES;
				GCC_WARN_UNUSED_VARIABLE = YES;
				MACOSX_DEPLOYMENT_TARGET = 12.0;
				MARKETING_VERSION = 1.1.0;
				MTL_ENABLE_DEBUG_INFO = INCLUDE_SOURCE;
				MTL_FAST_MATH = YES;
				ONLY_ACTIVE_ARCH = YES;
				PRODUCT_NAME = "$(TARGET_NAME)";
				SDKROOT = macosx;
				SWIFT_ACTIVE_COMPILATION_CONDITIONS = DEBUG;
				SWIFT_OPTIMIZATION_LEVEL = "-Onone";
				SWIFT_TREAT_WARNINGS_AS_ERRORS = NO;
				SWIFT_VERSION = 5.9;
			};
			name = Debug;
		};
		BFB41E2A8AF85874A76F95A2 /* Release */ = {
			isa = XCBuildConfiguration;
			buildSettings = {
				ALWAYS_SEARCH_USER_PATHS = NO;
				CLANG_ANALYZER_NONNULL = YES;
				CLANG_ANALYZER_NUMBER_OBJECT_CONVERSION = YES_AGGRESSIVE;
				CLANG_CXX_LANGUAGE_STANDARD = "gnu++14";
				CLANG_CXX_LIBRARY = "libc++";
				CLANG_ENABLE_MODULES = YES;
				CLANG_ENABLE_OBJC_ARC = YES;
				CLANG_ENABLE_OBJC_WEAK = YES;
				CLANG_WARN_BLOCK_CAPTURE_AUTORELEASING = YES;
				CLANG_WARN_BOOL_CONVERSION = YES;
				CLANG_WARN_COMMA = YES;
				CLANG_WARN_CONSTANT_CONVERSION = YES;
				CLANG_WARN_DEPRECATED_OBJC_IMPLEMENTATIONS = YES;
				CLANG_WARN_DIRECT_OBJC_ISA_USAGE = YES_ERROR;
				CLANG_WARN_DOCUMENTATION_COMMENTS = YES;
				CLANG_WARN_EMPTY_BODY = YES;
				CLANG_WARN_ENUM_CONVERSION = YES;
				CLANG_WARN_INFINITE_RECURSION = YES;
				CLANG_WARN_INT_CONVERSION = YES;
				CLANG_WARN_NON_LITERAL_NULL_CONVERSION = YES;
				CLANG_WARN_OBJC_IMPLICIT_RETAIN_SELF = YES;
				CLANG_WARN_OBJC_LITERAL_CONVERSION = YES;
				CLANG_WARN_OBJC_ROOT_CLASS = YES_ERROR;
				CLANG_WARN_QUOTED_INCLUDE_IN_FRAMEWORK_HEADER = YES;
				CLANG_WARN_RANGE_LOOP_ANALYSIS = YES;
				CLANG_WARN_STRICT_PROTOTYPES = YES;
				CLANG_WARN_SUSPICIOUS_MOVE = YES;
				CLANG_WARN_UNGUARDED_AVAILABILITY = YES_AGGRESSIVE;
				CLANG_WARN_UNREACHABLE_CODE = YES;
				CLANG_WARN__DUPLICATE_METHOD_MATCH = YES;
				CODE_SIGN_IDENTITY = "-";
				CODE_SIGN_STYLE = Automatic;
				COPY_PHASE_STRIP = NO;
				CURRENT_PROJECT_VERSION = 1;
				DEBUG_INFORMATION_FORMAT = "dwarf-with-dsym";
				DEVELOPMENT_TEAM = "";
				ENABLE_HARDENED_RUNTIME = YES;
				ENABLE_NS_ASSERTIONS = NO;
				ENABLE_STRICT_OBJC_MSGSEND = YES;
				GCC_C_LANGUAGE_STANDARD = gnu11;
				GCC_NO_COMMON_BLOCKS = YES;
				GCC_TREAT_WARNINGS_AS_ERRORS = NO;
				GCC_WARN_64_TO_32_BIT_CONVERSION = YES;
				GCC_WARN_ABOUT_RETURN_TYPE = YES_ERROR;
				GCC_WARN_UNDECLARED_SELECTOR = YES;
				GCC_WARN_UNINITIALIZED_AUTOS = YES_AGGRESSIVE;
				GCC_WARN_UNUSED_FUNCTION = YES;
				GCC_WARN_UNUSED_VARIABLE = YES;
				MACOSX_DEPLOYMENT_TARGET = 12.0;
				MARKETING_VERSION = 1.1.0;
				MTL_ENABLE_DEBUG_INFO = NO;
				MTL_FAST_MATH = YES;
				PRODUCT_NAME = "$(TARGET_NAME)";
				SDKROOT = macosx;
				SWIFT_COMPILATION_MODE = wholemodule;
				SWIFT_OPTIMIZATION_LEVEL = "-O";
				SWIFT_TREAT_WARNINGS_AS_ERRORS = NO;
				SWIFT_VERSION = 5.9;
			};
			name = Release;
		};
		C511FEDD27EF575C3984EB38 /* Debug */ = {
			isa = XCBuildConfiguration;
			buildSettings = {
				ASSETCATALOG_COMPILER_APPICON_NAME = AppIcon;
				COMBINE_HIDPI_IMAGES = YES;
				ENABLE_USER_SCRIPT_SANDBOXING = NO;
				INFOPLIST_FILE = BeautyR1Clicker/Info.plist;
				LD_RUNPATH_SEARCH_PATHS = (
					"$(inherited)",
					"@executable_path/../Frameworks",
				);
				MACOSX_DEPLOYMENT_TARGET = 12.0;
				PRODUCT_BUNDLE_IDENTIFIER = dev.tnayuki.BeautyR1Clicker;
				PRODUCT_NAME = "Beauty-R1 Clicker";
				SDKROOT = macosx;
			};
			name = Debug;
		};
/* End XCBuildConfiguration section */

/* Begin XCConfigurationList section */
		252601D68DD368A646291F0D /* Build configuration list for PBXNativeTarget "BeautyR1Clicker" */ = {
			isa = XCConfigurationList;
			buildConfigurations = (
				C511FEDD27EF575C3984EB38 /* Debug */,
				59E43DBF816E81DB258AF0A1 /* Release */,
			);
			defaultConfigurationIsVisible = 0;
			defaultConfigurationName = Debug;
		};
		BD1521C242DF0133802290A6 /* Build configuration list for PBXProject "BeautyR1Clicker" */ = {
			isa = XCConfigurationList;
			buildConfigurations = (
				ACBB7A8AC0E23636F6E2B0FC /* Debug */,
				BFB41E2A8AF85874A76F95A2 /* Release */,
			);
			defaultConfigurationIsVisible = 0;
			defaultConfigurationName = Debug;
		};
/* End XCConfigurationList section */
	};
	rootObject = C5813EA022EE08008AB25636 /* Project object */;
}
